
Microsoft Visual Studio Solution File, Format Version 12.00
# Visual Studio Version 17
VisualStudioVersion = 17.0.32014.148
MinimumVisualStudioVersion = 10.0.40219.1
Project("{9A19103F-16F7-4668-BE54-9A1E7A4F7556}") = "DataProtection.Web", "DataProtection.Web\DataProtection.Web.csproj", "{BF49BE2A-67F4-4E99-BD27-2CD53336F8F6}"
EndProject
Project("{9A19103F-16F7-4668-BE54-9A1E7A4F7556}") = "WhiteBlackList.Web", "WhiteBlackList.Web\WhiteBlackList.Web.csproj", "{87A0EF86-1E53-4FFF-8580-85720BB46DAC}"
EndProject
Project("{FAE04EC0-301F-11D3-BF4B-00C04F79EFBC}") = "SecretProtection.Web", "SecretProtection.Web\SecretProtection.Web.csproj", "{088CD541-7F61-4897-8103-2BB50665DB70}"
EndProject
Project("{FAE04EC0-301F-11D3-BF4B-00C04F79EFBC}") = "MyWeb.API", "MyWeb.API\MyWeb.API.csproj", "{4669EF85-AA1D-49D3-AFAD-62724E025AB3}"
EndProject
Project("{FAE04EC0-301F-11D3-BF4B-00C04F79EFBC}") = "MyWeb.Web", "MyWeb.Web\MyWeb.Web.csproj", "{C3B81243-58F9-43D0-AC75-EEA340FC0EE8}"
EndProject
Project("{FAE04EC0-301F-11D3-BF4B-00C04F79EFBC}") = "XSS.Web", "XSS.Web\XSS.Web.csproj", "{D4594662-2F2F-4A52-98B1-7F2A9A19C1DF}"
EndProject
Global
	GlobalSection(SolutionConfigurationPlatforms) = preSolution
		Debug|Any CPU = Debug|Any CPU
		Release|Any CPU = Release|Any CPU
	EndGlobalSection
	GlobalSection(ProjectConfigurationPlatforms) = postSolution
		{BF49BE2A-67F4-4E99-BD27-2CD53336F8F6}.Debug|Any CPU.ActiveCfg = Debug|Any CPU
		{BF49BE2A-67F4-4E99-BD27-2CD53336F8F6}.Debug|Any CPU.Build.0 = Debug|Any CPU
		{BF49BE2A-67F4-4E99-BD27-2CD53336F8F6}.Release|Any CPU.ActiveCfg = Release|Any CPU
		{BF49BE2A-67F4-4E99-BD27-2CD53336F8F6}.Release|Any CPU.Build.0 = Release|Any CPU
		{87A0EF86-1E53-4FFF-8580-85720BB46DAC}.Debug|Any CPU.ActiveCfg = Debug|Any CPU
		{87A0EF86-1E53-4FFF-8580-85720BB46DAC}.Debug|Any CPU.Build.0 = Debug|Any CPU
		{87A0EF86-1E53-4FFF-8580-85720BB46DAC}.Release|Any CPU.ActiveCfg = Release|Any CPU
		{87A0EF86-1E53-4FFF-8580-85720BB46DAC}.Release|Any CPU.Build.0 = Release|Any CPU
		{088CD541-7F61-4897-8103-2BB50665DB70}.Debug|Any CPU.ActiveCfg = Debug|Any CPU
		{088CD541-7F61-4897-8103-2BB50665DB70}.Debug|Any CPU.Build.0 = Debug|Any CPU
		{088CD541-7F61-4897-8103-2BB50665DB70}.Release|Any CPU.ActiveCfg = Release|Any CPU
		{088CD541-7F61-4897-8103-2BB50665DB70}.Release|Any CPU.Build.0 = Release|Any CPU
		{4669EF85-AA1D-49D3-AFAD-62724E025AB3}.Debug|Any CPU.ActiveCfg = Debug|Any CPU
		{4669EF85-AA1D-49D3-AFAD-62724E025AB3}.Debug|Any CPU.Build.0 = Debug|Any CPU
		{4669EF85-AA1D-49D3-AFAD-62724E025AB3}.Release|Any CPU.ActiveCfg = Release|Any CPU
		{4669EF85-AA1D-49D3-AFAD-62724E025AB3}.Release|Any CPU.Build.0 = Release|Any CPU
		{C3B81243-58F9-43D0-AC75-EEA340FC0EE8}.Debug|Any CPU.ActiveCfg = Debug|Any CPU
		{C3B81243-58F9-43D0-AC75-EEA340FC0EE8}.Debug|Any CPU.Build.0 = Debug|Any CPU
		{C3B81243-58F9-43D0-AC75-EEA340FC0EE8}.Release|Any CPU.ActiveCfg = Release|Any CPU
		{C3B81243-58F9-43D0-AC75-EEA340FC0EE8}.Release|Any CPU.Build.0 = Release|Any CPU
		{D4594662-2F2F-4A52-98B1-7F2A9A19C1DF}.Debug|Any CPU.ActiveCfg = Debug|Any CPU
		{D4594662-2F2F-4A52-98B1-7F2A9A19C1DF}.Debug|Any CPU.Build.0 = Debug|Any CPU
		{D4594662-2F2F-4A52-98B1-7F2A9A19C1DF}.Release|Any CPU.ActiveCfg = Release|Any CPU
		{D4594662-2F2F-4A52-98B1-7F2A9A19C1DF}.Release|Any CPU.Build.0 = Release|Any CPU
	EndGlobalSection
	GlobalSection(SolutionProperties) = preSolution
		HideSolutionNode = FALSE
	EndGlobalSection
	GlobalSection(ExtensibilityGlobals) = postSolution
		SolutionGuid = {A2A5D815-7ABF-4960-AB72-693D805E3409}
	EndGlobalSection
EndGlobal
